Microsoft Visual Studio Solution File, Format Version 12.00
# Visual Studio Version 17
VisualStudioVersion = 17.5.2.0
MinimumVisualStudioVersion = 10.0.40219.1
Project("{FAE04EC0-301F-11D3-BF4B-00C04F79EFBC}") = "SunSkog.Api.Tests", "SunSkog.Api.Tests.csproj", "{423D8398-A38B-7D44-7B6E-D90A244BE8AD}"
EndProject
Global
	GlobalSection(SolutionConfigurationPlatforms) = preSolution
		Debug|Any CPU = Debug|Any CPU
		Release|Any CPU = Release|Any CPU
	EndGlobalSection
	GlobalSection(ProjectConfigurationPlatforms) = postSolution
		{423D8398-A38B-7D44-7B6E-D90A244BE8AD}.Debug|Any CPU.ActiveCfg = Debug|Any CPU
		{423D8398-A38B-7D44-7B6E-D90A244BE8AD}.Debug|Any CPU.Build.0 = Debug|Any CPU
		{423D8398-A38B-7D44-7B6E-D90A244BE8AD}.Release|Any CPU.ActiveCfg = Release|Any CPU
		{423D8398-A38B-7D44-7B6E-D90A244BE8AD}.Release|Any CPU.Build.0 = Release|Any CPU
	EndGlobalSection
	GlobalSection(SolutionProperties) = preSolution
		HideSolutionNode = FALSE
	EndGlobalSection
	GlobalSection(ExtensibilityGlobals) = postSolution
		SolutionGuid = {FA6FB004-4157-4158-A8A0-1685DB6457B9}
	EndGlobalSection
EndGlobal
